{
  "name": "gfscoute",
  "version": "1.0.0",
  "lockfileVersion": 3,
  "requires": true,
  "packages": {
    "": {
      "name": "gfscoute",
      "version": "1.0.0",
      "license": "MIT",
      "dependencies": {
        "capture-stack-trace": "^2.1.0",
        "file-saver": "^2.0.5"
      },
      "bin": {
        "by_name_scout.js": "bin/by_name_scout.js",
        "ErrorHandler.js": "bin/ErrorHandler.js",
        "ErrorHandler.ts": "bin/ErrorHandler.ts"
      }
    },
    "node_modules/capture-stack-trace": {
      "version": "2.1.0",
      "resolved": "https://registry.npmjs.org/capture-stack-trace/-/capture-stack-trace-2.1.0.tgz",
      "integrity": "sha512-9tB0+L6plgUHqNMCVUJhxVLHlU3Why4IRtG1nBdBGg5UCFOtt+kMH0w5bhnLlDMIMsHbvvsK7zkYjAJsYqfqUw==",
      "engines": {
        "node": ">=14.16"
      },
      "funding": {
        "url": "https://github.com/sponsors/sindresorhus"
      }
    },
    "node_modules/file-saver": {
      "version": "2.0.5",
      "resolved": "https://registry.npmjs.org/file-saver/-/file-saver-2.0.5.tgz",
      "integrity": "sha512-P9bmyZ3h/PRG+Nzga+rbdI4OEpNDzAVyy74uVO9ATgzLK6VtAsYybF/+TOCvrc0MO793d6+42lLyZTw7/ArVzA=="
    }
  }
}
